
Microsoft Visual Studio Solution File, Format Version 12.00
# Visual Studio Version 17
VisualStudioVersion = 17.9.34701.34
MinimumVisualStudioVersion = 10.0.40219.1
Project("{FAE04EC0-301F-11D3-BF4B-00C04F79EFBC}") = "SysProg_01_Djordje_Radojkovic", "SysProg_01_Djordje_Radojkovic\SysProg_01_Djordje_Radojkovic.csproj", "{D6FDAC5D-1FE4-4EA4-8248-B682FE139B61}"
EndProject
Global
	GlobalSection(SolutionConfigurationPlatforms) = preSolution
		Debug|Any CPU = Debug|Any CPU
		Release|Any CPU = Release|Any CPU
	EndGlobalSection
	GlobalSection(ProjectConfigurationPlatforms) = postSolution
		{D6FDAC5D-1FE4-4EA4-8248-B682FE139B61}.Debug|Any CPU.ActiveCfg = Debug|Any CPU
		{D6FDAC5D-1FE4-4EA4-8248-B682FE139B61}.Debug|Any CPU.Build.0 = Debug|Any CPU
		{D6FDAC5D-1FE4-4EA4-8248-B682FE139B61}.Release|Any CPU.ActiveCfg = Release|Any CPU
		{D6FDAC5D-1FE4-4EA4-8248-B682FE139B61}.Release|Any CPU.Build.0 = Release|Any CPU
	EndGlobalSection
	GlobalSection(SolutionProperties) = preSolution
		HideSolutionNode = FALSE
	EndGlobalSection
	GlobalSection(ExtensibilityGlobals) = postSolution
		SolutionGuid = {FEF475F9-772B-408E-8ED4-779EA5BCC322}
	EndGlobalSection
EndGlobal
